
Microsoft Visual Studio Solution File, Format Version 12.00
# Visual Studio Version 16
VisualStudioVersion = 16.0.33214.272
MinimumVisualStudioVersion = 10.0.40219.1
Project("{FAE04EC0-301F-11D3-BF4B-00C04F79EFBC}") = "EXERCICIO1.1(CRIANDOCLASSPARAUMTRIANGULO)", "EXERCICIO1.1(CRIANDOCLASSPARAUMTRIANGULO).csproj", "{4E2D09A6-4BA9-49F6-BA5B-7FFDC49ECC14}"
EndProject
Global
	GlobalSection(SolutionConfigurationPlatforms) = preSolution
		Debug|Any CPU = Debug|Any CPU
		Release|Any CPU = Release|Any CPU
	EndGlobalSection
	GlobalSection(ProjectConfigurationPlatforms) = postSolution
		{4E2D09A6-4BA9-49F6-BA5B-7FFDC49ECC14}.Debug|Any CPU.ActiveCfg = Debug|Any CPU
		{4E2D09A6-4BA9-49F6-BA5B-7FFDC49ECC14}.Debug|Any CPU.Build.0 = Debug|Any CPU
		{4E2D09A6-4BA9-49F6-BA5B-7FFDC49ECC14}.Release|Any CPU.ActiveCfg = Release|Any CPU
		{4E2D09A6-4BA9-49F6-BA5B-7FFDC49ECC14}.Release|Any CPU.Build.0 = Release|Any CPU
	EndGlobalSection
	GlobalSection(SolutionProperties) = preSolution
		HideSolutionNode = FALSE
	EndGlobalSection
	GlobalSection(ExtensibilityGlobals) = postSolution
		SolutionGuid = {0541D518-796A-4F95-B760-2E00A1BB1286}
	EndGlobalSection
EndGlobal
