
Microsoft Visual Studio Solution File, Format Version 12.00
# Visual Studio Version 16
VisualStudioVersion = 16.0.33214.272
MinimumVisualStudioVersion = 10.0.40219.1
Project("{FAE04EC0-301F-11D3-BF4B-00C04F79EFBC}") = "VETOR(CLASSE)", "VETOR(CLASSE).csproj", "{936AF02B-7EEC-408C-8A64-E82DE53B554F}"
EndProject
Global
	GlobalSection(SolutionConfigurationPlatforms) = preSolution
		Debug|Any CPU = Debug|Any CPU
		Release|Any CPU = Release|Any CPU
	EndGlobalSection
	GlobalSection(ProjectConfigurationPlatforms) = postSolution
		{936AF02B-7EEC-408C-8A64-E82DE53B554F}.Debug|Any CPU.ActiveCfg = Debug|Any CPU
		{936AF02B-7EEC-408C-8A64-E82DE53B554F}.Debug|Any CPU.Build.0 = Debug|Any CPU
		{936AF02B-7EEC-408C-8A64-E82DE53B554F}.Release|Any CPU.ActiveCfg = Release|Any CPU
		{936AF02B-7EEC-408C-8A64-E82DE53B554F}.Release|Any CPU.Build.0 = Release|Any CPU
	EndGlobalSection
	GlobalSection(SolutionProperties) = preSolution
		HideSolutionNode = FALSE
	EndGlobalSection
	GlobalSection(ExtensibilityGlobals) = postSolution
		SolutionGuid = {5DD527F4-39EE-4508-98D1-4911D652559C}
	EndGlobalSection
EndGlobal
