
Microsoft Visual Studio Solution File, Format Version 12.00
# Visual Studio Version 16
VisualStudioVersion = 16.0.33214.272
MinimumVisualStudioVersion = 10.0.40219.1
Project("{FAE04EC0-301F-11D3-BF4B-00C04F79EFBC}") = "EXERCICIO5(SALARIO)", "EXERCICIO5(SALARIO).csproj", "{39A6A797-E6FF-4D59-AB0D-BD9982D3CBAC}"
EndProject
Global
	GlobalSection(SolutionConfigurationPlatforms) = preSolution
		Debug|Any CPU = Debug|Any CPU
		Release|Any CPU = Release|Any CPU
	EndGlobalSection
	GlobalSection(ProjectConfigurationPlatforms) = postSolution
		{39A6A797-E6FF-4D59-AB0D-BD9982D3CBAC}.Debug|Any CPU.ActiveCfg = Debug|Any CPU
		{39A6A797-E6FF-4D59-AB0D-BD9982D3CBAC}.Debug|Any CPU.Build.0 = Debug|Any CPU
		{39A6A797-E6FF-4D59-AB0D-BD9982D3CBAC}.Release|Any CPU.ActiveCfg = Release|Any CPU
		{39A6A797-E6FF-4D59-AB0D-BD9982D3CBAC}.Release|Any CPU.Build.0 = Release|Any CPU
	EndGlobalSection
	GlobalSection(SolutionProperties) = preSolution
		HideSolutionNode = FALSE
	EndGlobalSection
	GlobalSection(ExtensibilityGlobals) = postSolution
		SolutionGuid = {D48F9C56-FF4B-40A0-BFCA-3440722FBD06}
	EndGlobalSection
EndGlobal
