
Microsoft Visual Studio Solution File, Format Version 12.00
# Visual Studio Version 16
VisualStudioVersion = 16.0.33214.272
MinimumVisualStudioVersion = 10.0.40219.1
Project("{FAE04EC0-301F-11D3-BF4B-00C04F79EFBC}") = "EXERCICIO4(RETANGUL0AREA)", "EXERCICIO4(RETANGUL0AREA).csproj", "{D40E6447-C48E-48E6-92CD-D426985C2FA8}"
EndProject
Global
	GlobalSection(SolutionConfigurationPlatforms) = preSolution
		Debug|Any CPU = Debug|Any CPU
		Release|Any CPU = Release|Any CPU
	EndGlobalSection
	GlobalSection(ProjectConfigurationPlatforms) = postSolution
		{D40E6447-C48E-48E6-92CD-D426985C2FA8}.Debug|Any CPU.ActiveCfg = Debug|Any CPU
		{D40E6447-C48E-48E6-92CD-D426985C2FA8}.Debug|Any CPU.Build.0 = Debug|Any CPU
		{D40E6447-C48E-48E6-92CD-D426985C2FA8}.Release|Any CPU.ActiveCfg = Release|Any CPU
		{D40E6447-C48E-48E6-92CD-D426985C2FA8}.Release|Any CPU.Build.0 = Release|Any CPU
	EndGlobalSection
	GlobalSection(SolutionProperties) = preSolution
		HideSolutionNode = FALSE
	EndGlobalSection
	GlobalSection(ExtensibilityGlobals) = postSolution
		SolutionGuid = {1164C137-36DD-4414-A841-173A64F62320}
	EndGlobalSection
EndGlobal
