
Microsoft Visual Studio Solution File, Format Version 12.00
# Visual Studio Version 16
VisualStudioVersion = 16.0.33214.272
MinimumVisualStudioVersion = 10.0.40219.1
Project("{FAE04EC0-301F-11D3-BF4B-00C04F79EFBC}") = "EXERCICIO2.1(CRIACAODECLASSES)", "EXERCICIO2.1(CRIACAODECLASSES).csproj", "{1D1CD4A4-CCD4-48A1-BEE4-33CF02D4B276}"
EndProject
Global
	GlobalSection(SolutionConfigurationPlatforms) = preSolution
		Debug|Any CPU = Debug|Any CPU
		Release|Any CPU = Release|Any CPU
	EndGlobalSection
	GlobalSection(ProjectConfigurationPlatforms) = postSolution
		{1D1CD4A4-CCD4-48A1-BEE4-33CF02D4B276}.Debug|Any CPU.ActiveCfg = Debug|Any CPU
		{1D1CD4A4-CCD4-48A1-BEE4-33CF02D4B276}.Debug|Any CPU.Build.0 = Debug|Any CPU
		{1D1CD4A4-CCD4-48A1-BEE4-33CF02D4B276}.Release|Any CPU.ActiveCfg = Release|Any CPU
		{1D1CD4A4-CCD4-48A1-BEE4-33CF02D4B276}.Release|Any CPU.Build.0 = Release|Any CPU
	EndGlobalSection
	GlobalSection(SolutionProperties) = preSolution
		HideSolutionNode = FALSE
	EndGlobalSection
	GlobalSection(ExtensibilityGlobals) = postSolution
		SolutionGuid = {040AB403-6A58-487D-85FD-FBAF88F1C6C7}
	EndGlobalSection
EndGlobal
